
Microsoft Visual Studio Solution File, Format Version 12.00
# Visual Studio Version 17
VisualStudioVersion = 17.5.33516.290
MinimumVisualStudioVersion = 10.0.40219.1
Project("{9A19103F-16F7-4668-BE54-9A1E7A4F7556}") = "Arrecadar3", "Arrecadar3.csproj", "{FC440AC1-D579-401E-8A39-AE3DDD784ECF}"
EndProject
Global
	GlobalSection(SolutionConfigurationPlatforms) = preSolution
		Debug|Any CPU = Debug|Any CPU
		Release|Any CPU = Release|Any CPU
	EndGlobalSection
	GlobalSection(ProjectConfigurationPlatforms) = postSolution
		{FC440AC1-D579-401E-8A39-AE3DDD784ECF}.Debug|Any CPU.ActiveCfg = Debug|Any CPU
		{FC440AC1-D579-401E-8A39-AE3DDD784ECF}.Debug|Any CPU.Build.0 = Debug|Any CPU
		{FC440AC1-D579-401E-8A39-AE3DDD784ECF}.Release|Any CPU.ActiveCfg = Release|Any CPU
		{FC440AC1-D579-401E-8A39-AE3DDD784ECF}.Release|Any CPU.Build.0 = Release|Any CPU
	EndGlobalSection
	GlobalSection(SolutionProperties) = preSolution
		HideSolutionNode = FALSE
	EndGlobalSection
	GlobalSection(ExtensibilityGlobals) = postSolution
		SolutionGuid = {063BEA71-7228-4562-BA47-C2E869CDDD15}
	EndGlobalSection
EndGlobal
